// !$*UTF8*$!
{
	archiveVersion = 1;
	classes = {
	};
	objectVersion = 77;
	objects = {

/* Begin PBXContainerItemProxy section */
		B11CBB7C2F1FAA5000ADD3EE /* PBXContainerItemProxy */ = {
			isa = PBXContainerItemProxy;
			containerPortal = B11CBB662F1FAA4E00ADD3EE /* Project object */;
			proxyType = 1;
			remoteGlobalIDString = B11CBB6D2F1FAA4E00ADD3EE;
			remoteInfo = ExpenseSplitApp;
		};
		B11CBB862F1FAA5000ADD3EE /* PBXContainerItemProxy */ = {
			isa = PBXContainerItemProxy;
			containerPortal = B11CBB662F1FAA4E00ADD3EE /* Project object */;
			proxyType = 1;
			remoteGlobalIDString = B11CBB6D2F1FAA4E00ADD3EE;
			remoteInfo = ExpenseSplitApp;
		};
/* End PBXContainerItemProxy section */

/* Begin PBXFileReference section */
		B11CBB6E2F1FAA4E00ADD3EE /* ExpenseSplitApp.app */ = {isa = PBXFileReference; explicitFileType = wrapper.application; includeInIndex = 0; path = ExpenseSplitApp.app; sourceTree = BUILT_PRODUCTS_DIR; };
		B11CBB7B2F1FAA5000ADD3EE /* ExpenseSplitAppTests.xctest */ = {isa = PBXFileReference; explicitFileType = wrapper.cfbundle; includeInIndex = 0; path = ExpenseSplitAppTests.xctest; sourceTree = BUILT_PRODUCTS_DIR; };
		B11CBB852F1FAA5000ADD3EE /* ExpenseSplitAppUITests.xctest */ = {isa = PBXFileReference; explicitFileType = wrapper.cfbundle; includeInIndex = 0; path = ExpenseSplitAppUITests.xctest; sourceTree = BUILT_PRODUCTS_DIR; };
/* End PBXFileReference section */

/* Begin PBXFileSystemSynchronizedRootGroup section */
		B11CBB702F1FAA4E00ADD3EE /* ExpenseSplitApp */ = {
			isa = PBXFileSystemSynchronizedRootGroup;
			path = ExpenseSplitApp;
			sourceTree = "<group>";
		};
		B11CBB7E2F1FAA5000ADD3EE /* ExpenseSplitAppTests */ = {
			isa = PBXFileSystemSynchronizedRootGroup;
			path = ExpenseSplitAppTests;
			sourceTree = "<group>";
		};
		B11CBB882F1FAA5000ADD3EE /* ExpenseSplitAppUITests */ = {
			isa = PBXFileSystemSynchronizedRootGroup;
			path = ExpenseSplitAppUITests;
			sourceTree = "<group>";
		};
/* End PBXFileSystemSynchronizedRootGroup section */

/* Begin PBXFrameworksBuildPhase section */
		B11CBB6B2F1FAA4E00ADD3EE /* Frameworks */ = {
			isa = PBXFrameworksBuildPhase;
			buildActionMask = 2147483647;
			files = (
			);
			runOnlyForDeploymentPostprocessing = 0;
		};
		B11CBB782F1FAA5000ADD3EE /* Frameworks */ = {
			isa = PBXFrameworksBuildPhase;
			buildActionMask = 2147483647;
			files = (
			);
			runOnlyForDeploymentPostprocessing = 0;
		};
		B11CBB822F1FAA5000ADD3EE /* Frameworks */ = {
			isa = PBXFrameworksBuildPhase;
			buildActionMask = 2147483647;
			files = (
			);
			runOnlyForDeploymentPostprocessing = 0;
		};
/* End PBXFrameworksBuildPhase section */

/* Begin PBXGroup section */
		B11CBB652F1FAA4E00ADD3EE = {
			isa = PBXGroup;
			children = (
				B11CBB702F1FAA4E00ADD3EE /* ExpenseSplitApp */,
				B11CBB7E2F1FAA5000ADD3EE /* ExpenseSplitAppTests */,
				B11CBB882F1FAA5000ADD3EE /* ExpenseSplitAppUITests */,
				B11CBB6F2F1FAA4E00ADD3EE /* Products */,
			);
			sourceTree = "<group>";
		};
		B11CBB6F2F1FAA4E00ADD3EE /* Products */ = {
			isa = PBXGroup;
			children = (
				B11CBB6E2F1FAA4E00ADD3EE /* ExpenseSplitApp.app */,
				B11CBB7B2F1FAA5000ADD3EE /* ExpenseSplitAppTests.xctest */,
				B11CBB852F1FAA5000ADD3EE /* ExpenseSplitAppUITests.xctest */,
			);
			name = Products;
			sourceTree = "<group>";
		};
/* End PBXGroup section */

/* Begin PBXNativeTarget section */
		B11CBB6D2F1FAA4E00ADD3EE /* ExpenseSplitApp */ = {
			isa = PBXNativeTarget;
			buildConfigurationList = B11CBB8F2F1FAA5000ADD3EE /* Build configuration list for PBXNativeTarget "ExpenseSplitApp" */;
			buildPhases = (
				B11CBB6A2F1FAA4E00ADD3EE /* Sources */,
				B11CBB6B2F1FAA4E00ADD3EE /* Frameworks */,
				B11CBB6C2F1FAA4E00ADD3EE /* Resources */,
			);
			buildRules = (
			);
			dependencies = (
			);
			fileSystemSynchronizedGroups = (
				B11CBB702F1FAA4E00ADD3EE /* ExpenseSplitApp */,
			);
			name = ExpenseSplitApp;
			packageProductDependencies = (
			);
			productName = ExpenseSplitApp;
			productReference = B11CBB6E2F1FAA4E00ADD3EE /* ExpenseSplitApp.app */;
			productType = "com.apple.product-type.application";
		};
		B11CBB7A2F1FAA5000ADD3EE /* ExpenseSplitAppTests */ = {
			isa = PBXNativeTarget;
			buildConfigurationList = B11CBB922F1FAA5000ADD3EE /* Build configuration list for PBXNativeTarget "ExpenseSplitAppTests" */;
			buildPhases = (
				B11CBB772F1FAA5000ADD3EE /* Sources */,
				B11CBB782F1FAA5000ADD3EE /* Frameworks */,
				B11CBB792F1FAA5000ADD3EE /* Resources */,
			);
			buildRules = (
			);
			dependencies = (
				B11CBB7D2F1FAA5000ADD3EE /* PBXTargetDependency */,
			);
			fileSystemSynchronizedGroups = (
				B11CBB7E2F1FAA5000ADD3EE /* ExpenseSplitAppTests */,
			);
			name = ExpenseSplitAppTests;
			packageProductDependencies = (
			);
			productName = ExpenseSplitAppTests;
			productReference = B11CBB7B2F1FAA5000ADD3EE /* ExpenseSplitAppTests.xctest */;
			productType = "com.apple.product-type.bundle.unit-test";
		};
		B11CBB842F1FAA5000ADD3EE /* ExpenseSplitAppUITests */ = {
			isa = PBXNativeTarget;
			buildConfigurationList = B11CBB952F1FAA5000ADD3EE /* Build configuration list for PBXNativeTarget "ExpenseSplitAppUITests" */;
			buildPhases = (
				B11CBB812F1FAA5000ADD3EE /* Sources */,
				B11CBB822F1FAA5000ADD3EE /* Frameworks */,
				B11CBB832F1FAA5000ADD3EE /* Resources */,
			);
			buildRules = (
			);
			dependencies = (
				B11CBB872F1FAA5000ADD3EE /* PBXTargetDependency */,
			);
			fileSystemSynchronizedGroups = (
				B11CBB882F1FAA5000ADD3EE /* ExpenseSplitAppUITests */,
			);
			name = ExpenseSplitAppUITests;
			packageProductDependencies = (
			);
			productName = ExpenseSplitAppUITests;
			productReference = B11CBB852F1FAA5000ADD3EE /* ExpenseSplitAppUITests.xctest */;
			productType = "com.apple.product-type.bundle.ui-testing";
		};
/* End PBXNativeTarget section */

/* Begin PBXProject section */
		B11CBB662F1FAA4E00ADD3EE /* Project object */ = {
			isa = PBXProject;
			attributes = {
				BuildIndependentTargetsInParallel = 1;
				LastSwiftUpdateCheck = 2620;
				LastUpgradeCheck = 2620;
				TargetAttributes = {
					B11CBB6D2F1FAA4E00ADD3EE = {
						CreatedOnToolsVersion = 26.2;
					};
					B11CBB7A2F1FAA5000ADD3EE = {
						CreatedOnToolsVersion = 26.2;
						TestTargetID = B11CBB6D2F1FAA4E00ADD3EE;
					};
					B11CBB842F1FAA5000ADD3EE = {
						CreatedOnToolsVersion = 26.2;
						TestTargetID = B11CBB6D2F1FAA4E00ADD3EE;
					};
				};
			};
			buildConfigurationList = B11CBB692F1FAA4E00ADD3EE /* Build configuration list for PBXProject "ExpenseSplitApp" */;
			developmentRegion = en;
			hasScannedForEncodings = 0;
			knownRegions = (
				en,
				Base,
			);
			mainGroup = B11CBB652F1FAA4E00ADD3EE;
			minimizedProjectReferenceProxies = 1;
			preferredProjectObjectVersion = 77;
			productRefGroup = B11CBB6F2F1FAA4E00ADD3EE /* Products */;
			projectDirPath = "";
			projectRoot = "";
			targets = (
				B11CBB6D2F1FAA4E00ADD3EE /* ExpenseSplitApp */,
				B11CBB7A2F1FAA5000ADD3EE /* ExpenseSplitAppTests */,
				B11CBB842F1FAA5000ADD3EE /* ExpenseSplitAppUITests */,
			);
		};
/* End PBXProject section */

/* Begin PBXResourcesBuildPhase section */
		B11CBB6C2F1FAA4E00ADD3EE /* Resources */ = {
			isa = PBXResourcesBuildPhase;
			buildActionMask = 2147483647;
			files = (
			);
			runOnlyForDeploymentPostprocessing = 0;
		};
		B11CBB792F1FAA5000ADD3EE /* Resources */ = {
			isa = PBXResourcesBuildPhase;
			buildActionMask = 2147483647;
			files = (
			);
			runOnlyForDeploymentPostprocessing = 0;
		};
		B11CBB832F1FAA5000ADD3EE /* Resources */ = {
			isa = PBXResourcesBuildPhase;
			buildActionMask = 2147483647;
			files = (
			);
			runOnlyForDeploymentPostprocessing = 0;
		};
/* End PBXResourcesBuildPhase section */

/* Begin PBXSourcesBuildPhase section */
		B11CBB6A2F1FAA4E00ADD3EE /* Sources */ = {
			isa = PBXSourcesBuildPhase;
			buildActionMask = 2147483647;
			files = (
			);
			runOnlyForDeploymentPostprocessing = 0;
		};
		B11CBB772F1FAA5000ADD3EE /* Sources */ = {
			isa = PBXSourcesBuildPhase;
			buildActionMask = 2147483647;
			files = (
			);
			runOnlyForDeploymentPostprocessing = 0;
		};
		B11CBB812F1FAA5000ADD3EE /* Sources */ = {
			isa = PBXSourcesBuildPhase;
			buildActionMask = 2147483647;
			files = (
			);
			runOnlyForDeploymentPostprocessing = 0;
		};
/* End PBXSourcesBuildPhase section */

/* Begin PBXTargetDependency section */
		B11CBB7D2F1FAA5000ADD3EE /* PBXTargetDependency */ = {
			isa = PBXTargetDependency;
			target = B11CBB6D2F1FAA4E00ADD3EE /* ExpenseSplitApp */;
			targetProxy = B11CBB7C2F1FAA5000ADD3EE /* PBXContainerItemProxy */;
		};
		B11CBB872F1FAA5000ADD3EE /* PBXTargetDependency */ = {
			isa = PBXTargetDependency;
			target = B11CBB6D2F1FAA4E00ADD3EE /* ExpenseSplitApp */;
			targetProxy = B11CBB862F1FAA5000ADD3EE /* PBXContainerItemProxy */;
		};
/* End PBXTargetDependency section */

/* Begin XCBuildConfiguration section */
		B11CBB8D2F1FAA5000ADD3EE /* Debug */ = {
			isa = XCBuildConfiguration;
			buildSettings = {
				ALWAYS_SEARCH_USER_PATHS = NO;
				ASSETCATALOG_COMPILER_GENERATE_SWIFT_ASSET_SYMBOL_EXTENSIONS = YES;
				CLANG_ANALYZER_NONNULL = YES;
				CLANG_ANALYZER_NUMBER_OBJECT_CONVERSION = YES_AGGRESSIVE;
				CLANG_CXX_LANGUAGE_STANDARD = "gnu++20";
				CLANG_ENABLE_MODULES = YES;
				CLANG_ENABLE_OBJC_ARC = YES;
				CLANG_ENABLE_OBJC_WEAK = YES;
				CLANG_WARN_BLOCK_CAPTURE_AUTORELEASING = YES;
				CLANG_WARN_BOOL_CONVERSION = YES;
				CLANG_WARN_COMMA = YES;
				CLANG_WARN_CONSTANT_CONVERSION = YES;
				CLANG_WARN_DEPRECATED_OBJC_IMPLEMENTATIONS = YES;
				CLANG_WARN_DIRECT_OBJC_ISA_USAGE = YES_ERROR;
				CLANG_WARN_DOCUMENTATION_COMMENTS = YES;
				CLANG_WARN_EMPTY_BODY = YES;
				CLANG_WARN_ENUM_CONVERSION = YES;
				CLANG_WARN_INFINITE_RECURSION = YES;
				CLANG_WARN_INT_CONVERSION = YES;
				CLANG_WARN_NON_LITERAL_NULL_CONVERSION = YES;
				CLANG_WARN_OBJC_IMPLICIT_RETAIN_SELF = YES;
				CLANG_WARN_OBJC_LITERAL_CONVERSION = YES;
				CLANG_WARN_OBJC_ROOT_CLASS = YES_ERROR;
				CLANG_WARN_QUOTED_INCLUDE_IN_FRAMEWORK_HEADER = YES;
				CLANG_WARN_RANGE_LOOP_ANALYSIS = YES;
				CLANG_WARN_STRICT_PROTOTYPES = YES;
				CLANG_WARN_SUSPICIOUS_MOVE = YES;
				CLANG_WARN_UNGUARDED_AVAILABILITY = YES_AGGRESSIVE;
				CLANG_WARN_UNREACHABLE_CODE = YES;
				CLANG_WARN__DUPLICATE_METHOD_MATCH = YES;
				COPY_PHASE_STRIP = NO;
				DEBUG_INFORMATION_FORMAT = dwarf;
				ENABLE_STRICT_OBJC_MSGSEND = YES;
				ENABLE_TESTABILITY = YES;
				ENABLE_USER_SCRIPT_SANDBOXING = YES;
				GCC_C_LANGUAGE_STANDARD = gnu17;
				GCC_DYNAMIC_NO_PIC = NO;
				GCC_NO_COMMON_BLOCKS = YES;
				GCC_OPTIMIZATION_LEVEL = 0;
				GCC_PREPROCESSOR_DEFINITIONS = (
					"DEBUG=1",
					"$(inherited)",
				);
				GCC_WARN_64_TO_32_BIT_CONVERSION = YES;
				GCC_WARN_ABOUT_RETURN_TYPE = YES_ERROR;
				GCC_WARN_UNDECLARED_SELECTOR = YES;
				GCC_WARN_UNINITIALIZED_AUTOS = YES_AGGRESSIVE;
				GCC_WARN_UNUSED_FUNCTION = YES;
				GCC_WARN_UNUSED_VARIABLE = YES;
				IPHONEOS_DEPLOYMENT_TARGET = 26.2;
				LOCALIZATION_PREFERS_STRING_CATALOGS = YES;
				MTL_ENABLE_DEBUG_INFO = INCLUDE_SOURCE;
				MTL_FAST_MATH = YES;
				ONLY_ACTIVE_ARCH = YES;
				SDKROOT = iphoneos;
				SWIFT_ACTIVE_COMPILATION_CONDITIONS = "DEBUG $(inherited)";
				SWIFT_OPTIMIZATION_LEVEL = "-Onone";
			};
			name = Debug;
		};
		B11CBB8E2F1FAA5000ADD3EE /* Release */ = {
			isa = XCBuildConfiguration;
			buildSettings = {
				ALWAYS_SEARCH_USER_PATHS = NO;
				ASSETCATALOG_COMPILER_GENERATE_SWIFT_ASSET_SYMBOL_EXTENSIONS = YES;
				CLANG_ANALYZER_NONNULL = YES;
				CLANG_ANALYZER_NUMBER_OBJECT_CONVERSION = YES_AGGRESSIVE;
				CLANG_CXX_LANGUAGE_STANDARD = "gnu++20";
				CLANG_ENABLE_MODULES = YES;
				CLANG_ENABLE_OBJC_ARC = YES;
				CLANG_ENABLE_OBJC_WEAK = YES;
				CLANG_WARN_BLOCK_CAPTURE_AUTORELEASING = YES;
				CLANG_WARN_BOOL_CONVERSION = YES;
				CLANG_WARN_COMMA = YES;
				CLANG_WARN_CONSTANT_CONVERSION = YES;
				CLANG_WARN_DEPRECATED_OBJC_IMPLEMENTATIONS = YES;
				CLANG_WARN_DIRECT_OBJC_ISA_USAGE = YES_ERROR;
				CLANG_WARN_DOCUMENTATION_COMMENTS = YES;
				CLANG_WARN_EMPTY_BODY = YES;
				CLANG_WARN_ENUM_CONVERSION = YES;
				CLANG_WARN_INFINITE_RECURSION = YES;
				CLANG_WARN_INT_CONVERSION = YES;
				CLANG_WARN_NON_LITERAL_NULL_CONVERSION = YES;
				CLANG_WARN_OBJC_IMPLICIT_RETAIN_SELF = YES;
				CLANG_WARN_OBJC_LITERAL_CONVERSION = YES;
				CLANG_WARN_OBJC_ROOT_CLASS = YES_ERROR;
				CLANG_WARN_QUOTED_INCLUDE_IN_FRAMEWORK_HEADER = YES;
				CLANG_WARN_RANGE_LOOP_ANALYSIS = YES;
				CLANG_WARN_STRICT_PROTOTYPES = YES;
				CLANG_WARN_SUSPICIOUS_MOVE = YES;
				CLANG_WARN_UNGUARDED_AVAILABILITY = YES_AGGRESSIVE;
				CLANG_WARN_UNREACHABLE_CODE = YES;
				CLANG_WARN__DUPLICATE_METHOD_MATCH = YES;
				COPY_PHASE_STRIP = NO;
				DEBUG_INFORMATION_FORMAT = "dwarf-with-dsym";
				ENABLE_NS_ASSERTIONS = NO;
				ENABLE_STRICT_OBJC_MSGSEND = YES;
				ENABLE_USER_SCRIPT_SANDBOXING = YES;
				GCC_C_LANGUAGE_STANDARD = gnu17;
				GCC_NO_COMMON_BLOCKS = YES;
				GCC_WARN_64_TO_32_BIT_CONVERSION = YES;
				GCC_WARN_ABOUT_RETURN_TYPE = YES_ERROR;
				GCC_WARN_UNDECLARED_SELECTOR = YES;
				GCC_WARN_UNINITIALIZED_AUTOS = YES_AGGRESSIVE;
				GCC_WARN_UNUSED_FUNCTION = YES;
				GCC_WARN_UNUSED_VARIABLE = YES;
				IPHONEOS_DEPLOYMENT_TARGET = 26.2;
				LOCALIZATION_PREFERS_STRING_CATALOGS = YES;
				MTL_ENABLE_DEBUG_INFO = NO;
				MTL_FAST_MATH = YES;
				SDKROOT = iphoneos;
				SWIFT_COMPILATION_MODE = wholemodule;
				VALIDATE_PRODUCT = YES;
			};
			name = Release;
		};
		B11CBB902F1FAA5000ADD3EE /* Debug */ = {
			isa = XCBuildConfiguration;
			buildSettings = {
				ASSETCATALOG_COMPILER_APPICON_NAME = AppIcon;
				ASSETCATALOG_COMPILER_GLOBAL_ACCENT_COLOR_NAME = AccentColor;
				CODE_SIGN_STYLE = Automatic;
				CURRENT_PROJECT_VERSION = 1;
				ENABLE_PREVIEWS = YES;
				GENERATE_INFOPLIST_FILE = YES;
				INFOPLIST_KEY_UIApplicationSceneManifest_Generation = YES;
				INFOPLIST_KEY_UIApplicationSupportsIndirectInputEvents = YES;
				INFOPLIST_KEY_UILaunchScreen_Generation = YES;
				INFOPLIST_KEY_UISupportedInterfaceOrientations_iPad = "UIInterfaceOrientationPortrait UIInterfaceOrientationPortraitUpsideDown UIInterfaceOrientationLandscapeLeft UIInterfaceOrientationLandscapeRight";
				INFOPLIST_KEY_UISupportedInterfaceOrientations_iPhone = "UIInterfaceOrientationPortrait UIInterfaceOrientationLandscapeLeft UIInterfaceOrientationLandscapeRight";
				LD_RUNPATH_SEARCH_PATHS = (
					"$(inherited)",
					"@executable_path/Frameworks",
				);
				MARKETING_VERSION = 1.0;
				PRODUCT_BUNDLE_IDENTIFIER = itsmekodox.ExpenseSplitApp;
				PRODUCT_NAME = "$(TARGET_NAME)";
				STRING_CATALOG_GENERATE_SYMBOLS = YES;
				SWIFT_APPROACHABLE_CONCURRENCY = YES;
				SWIFT_DEFAULT_ACTOR_ISOLATION = MainActor;
				SWIFT_EMIT_LOC_STRINGS = YES;
				SWIFT_UPCOMING_FEATURE_MEMBER_IMPORT_VISIBILITY = YES;
				SWIFT_VERSION = 5.0;
				TARGETED_DEVICE_FAMILY = "1,2";
			};
			name = Debug;
		};
		B11CBB912F1FAA5000ADD3EE /* Release */ = {
			isa = XCBuildConfiguration;
			buildSettings = {
				ASSETCATALOG_COMPILER_APPICON_NAME = AppIcon;
				ASSETCATALOG_COMPILER_GLOBAL_ACCENT_COLOR_NAME = AccentColor;
				CODE_SIGN_STYLE = Automatic;
				CURRENT_PROJECT_VERSION = 1;
				ENABLE_PREVIEWS = YES;
				GENERATE_INFOPLIST_FILE = YES;
				INFOPLIST_KEY_UIApplicationSceneManifest_Generation = YES;
				INFOPLIST_KEY_UIApplicationSupportsIndirectInputEvents = YES;
				INFOPLIST_KEY_UILaunchScreen_Generation = YES;
				INFOPLIST_KEY_UISupportedInterfaceOrientations_iPad = "UIInterfaceOrientationPortrait UIInterfaceOrientationPortraitUpsideDown UIInterfaceOrientationLandscapeLeft UIInterfaceOrientationLandscapeRight";
				INFOPLIST_KEY_UISupportedInterfaceOrientations_iPhone = "UIInterfaceOrientationPortrait UIInterfaceOrientationLandscapeLeft UIInterfaceOrientationLandscapeRight";
				LD_RUNPATH_SEARCH_PATHS = (
					"$(inherited)",
					"@executable_path/Frameworks",
				);
				MARKETING_VERSION = 1.0;
				PRODUCT_BUNDLE_IDENTIFIER = itsmekodox.ExpenseSplitApp;
				PRODUCT_NAME = "$(TARGET_NAME)";
				STRING_CATALOG_GENERATE_SYMBOLS = YES;
				SWIFT_APPROACHABLE_CONCURRENCY = YES;
				SWIFT_DEFAULT_ACTOR_ISOLATION = MainActor;
				SWIFT_EMIT_LOC_STRINGS = YES;
				SWIFT_UPCOMING_FEATURE_MEMBER_IMPORT_VISIBILITY = YES;
				SWIFT_VERSION = 5.0;
				TARGETED_DEVICE_FAMILY = "1,2";
			};
			name = Release;
		};
		B11CBB932F1FAA5000ADD3EE /* Debug */ = {
			isa = XCBuildConfiguration;
			buildSettings = {
				BUNDLE_LOADER = "$(TEST_HOST)";
				CODE_SIGN_STYLE = Automatic;
				CURRENT_PROJECT_VERSION = 1;
				GENERATE_INFOPLIST_FILE = YES;
				IPHONEOS_DEPLOYMENT_TARGET = 26.2;
				MARKETING_VERSION = 1.0;
				PRODUCT_BUNDLE_IDENTIFIER = itsmekodox.ExpenseSplitAppTests;
				PRODUCT_NAME = "$(TARGET_NAME)";
				STRING_CATALOG_GENERATE_SYMBOLS = NO;
				SWIFT_APPROACHABLE_CONCURRENCY = YES;
				SWIFT_EMIT_LOC_STRINGS = NO;
				SWIFT_UPCOMING_FEATURE_MEMBER_IMPORT_VISIBILITY = YES;
				SWIFT_VERSION = 5.0;
				TARGETED_DEVICE_FAMILY = "1,2";
				TEST_HOST = "$(BUILT_PRODUCTS_DIR)/ExpenseSplitApp.app/$(BUNDLE_EXECUTABLE_FOLDER_PATH)/ExpenseSplitApp";
			};
			name = Debug;
		};
		B11CBB942F1FAA5000ADD3EE /* Release */ = {
			isa = XCBuildConfiguration;
			buildSettings = {
				BUNDLE_LOADER = "$(TEST_HOST)";
				CODE_SIGN_STYLE = Automatic;
				CURRENT_PROJECT_VERSION = 1;
				GENERATE_INFOPLIST_FILE = YES;
				IPHONEOS_DEPLOYMENT_TARGET = 26.2;
				MARKETING_VERSION = 1.0;
				PRODUCT_BUNDLE_IDENTIFIER = itsmekodox.ExpenseSplitAppTests;
				PRODUCT_NAME = "$(TARGET_NAME)";
				STRING_CATALOG_GENERATE_SYMBOLS = NO;
				SWIFT_APPROACHABLE_CONCURRENCY = YES;
				SWIFT_EMIT_LOC_STRINGS = NO;
				SWIFT_UPCOMING_FEATURE_MEMBER_IMPORT_VISIBILITY = YES;
				SWIFT_VERSION = 5.0;
				TARGETED_DEVICE_FAMILY = "1,2";
				TEST_HOST = "$(BUILT_PRODUCTS_DIR)/ExpenseSplitApp.app/$(BUNDLE_EXECUTABLE_FOLDER_PATH)/ExpenseSplitApp";
			};
			name = Release;
		};
		B11CBB962F1FAA5000ADD3EE /* Debug */ = {
			isa = XCBuildConfiguration;
			buildSettings = {
				CODE_SIGN_STYLE = Automatic;
				CURRENT_PROJECT_VERSION = 1;
				GENERATE_INFOPLIST_FILE = YES;
				MARKETING_VERSION = 1.0;
				PRODUCT_BUNDLE_IDENTIFIER = itsmekodox.ExpenseSplitAppUITests;
				PRODUCT_NAME = "$(TARGET_NAME)";
				STRING_CATALOG_GENERATE_SYMBOLS = NO;
				SWIFT_APPROACHABLE_CONCURRENCY = YES;
				SWIFT_EMIT_LOC_STRINGS = NO;
				SWIFT_UPCOMING_FEATURE_MEMBER_IMPORT_VISIBILITY = YES;
				SWIFT_VERSION = 5.0;
				TARGETED_DEVICE_FAMILY = "1,2";
				TEST_TARGET_NAME = ExpenseSplitApp;
			};
			name = Debug;
		};
		B11CBB972F1FAA5000ADD3EE /* Release */ = {
			isa = XCBuildConfiguration;
			buildSettings = {
				CODE_SIGN_STYLE = Automatic;
				CURRENT_PROJECT_VERSION = 1;
				GENERATE_INFOPLIST_FILE = YES;
				MARKETING_VERSION = 1.0;
				PRODUCT_BUNDLE_IDENTIFIER = itsmekodox.ExpenseSplitAppUITests;
				PRODUCT_NAME = "$(TARGET_NAME)";
				STRING_CATALOG_GENERATE_SYMBOLS = NO;
				SWIFT_APPROACHABLE_CONCURRENCY = YES;
				SWIFT_EMIT_LOC_STRINGS = NO;
				SWIFT_UPCOMING_FEATURE_MEMBER_IMPORT_VISIBILITY = YES;
				SWIFT_VERSION = 5.0;
				TARGETED_DEVICE_FAMILY = "1,2";
				TEST_TARGET_NAME = ExpenseSplitApp;
			};
			name = Release;
		};
/* End XCBuildConfiguration section */

/* Begin XCConfigurationList section */
		B11CBB692F1FAA4E00ADD3EE /* Build configuration list for PBXProject "ExpenseSplitApp" */ = {
			isa = XCConfigurationList;
			buildConfigurations = (
				B11CBB8D2F1FAA5000ADD3EE /* Debug */,
				B11CBB8E2F1FAA5000ADD3EE /* Release */,
			);
			defaultConfigurationIsVisible = 0;
			defaultConfigurationName = Release;
		};
		B11CBB8F2F1FAA5000ADD3EE /* Build configuration list for PBXNativeTarget "ExpenseSplitApp" */ = {
			isa = XCConfigurationList;
			buildConfigurations = (
				B11CBB902F1FAA5000ADD3EE /* Debug */,
				B11CBB912F1FAA5000ADD3EE /* Release */,
			);
			defaultConfigurationIsVisible = 0;
			defaultConfigurationName = Release;
		};
		B11CBB922F1FAA5000ADD3EE /* Build configuration list for PBXNativeTarget "ExpenseSplitAppTests" */ = {
			isa = XCConfigurationList;
			buildConfigurations = (
				B11CBB932F1FAA5000ADD3EE /* Debug */,
				B11CBB942F1FAA5000ADD3EE /* Release */,
			);
			defaultConfigurationIsVisible = 0;
			defaultConfigurationName = Release;
		};
		B11CBB952F1FAA5000ADD3EE /* Build configuration list for PBXNativeTarget "ExpenseSplitAppUITests" */ = {
			isa = XCConfigurationList;
			buildConfigurations = (
				B11CBB962F1FAA5000ADD3EE /* Debug */,
				B11CBB972F1FAA5000ADD3EE /* Release */,
			);
			defaultConfigurationIsVisible = 0;
			defaultConfigurationName = Release;
		};
/* End XCConfigurationList section */
	};
	rootObject = B11CBB662F1FAA4E00ADD3EE /* Project object */;
}
